// !$*UTF8*$!
{
	archiveVersion = 1;
	classes = {
	};
	objectVersion = 77;
	objects = {

/* Begin PBXBuildFile section */
		FABA19D52EA4730C0000C572 /* AppDelegate.swift in Sources */ = {isa = PBXBuildFile; fileRef = FABA19D42EA4730C0000C572 /* AppDelegate.swift */; };
		FABA19DA2EA47DBD0000C572 /* AppIcon.icon in Resources */ = {isa = PBXBuildFile; fileRef = FABA19D92EA47DBD0000C572 /* AppIcon.icon */; };
		FAEADBC22EA40B030013CFB0 /* ContentView.swift in Sources */ = {isa = PBXBuildFile; fileRef = FAEADBBD2EA40B030013CFB0 /* ContentView.swift */; };
		FAEADBC32EA40B030013CFB0 /* SFBuilderApp.swift in Sources */ = {isa = PBXBuildFile; fileRef = FAEADBBE2EA40B030013CFB0 /* SFBuilderApp.swift */; };
		FAEADBC42EA40B030013CFB0 /* Assets.xcassets in Resources */ = {isa = PBXBuildFile; fileRef = FAEADBC02EA40B030013CFB0 /* Assets.xcassets */; };
		FAEADBC62EA40B990013CFB0 /* SFSymbolBuilder.swift in Sources */ = {isa = PBXBuildFile; fileRef = FAEADBC52EA40B930013CFB0 /* SFSymbolBuilder.swift */; };
		FAEADBD32EA40C6D0013CFB0 /* SFSymbol.Configuration.swift in Sources */ = {isa = PBXBuildFile; fileRef = FAEADBD22EA40C670013CFB0 /* SFSymbol.Configuration.swift */; };
		FAEADBD52EA40DAB0013CFB0 /* template.svg in Resources */ = {isa = PBXBuildFile; fileRef = FAEADBD42EA40DAB0013CFB0 /* template.svg */; };
		FAEADBE42EA420140013CFB0 /* Error.swift in Sources */ = {isa = PBXBuildFile; fileRef = FAEADBDC2EA41F710013CFB0 /* Error.swift */; };
		FAEADBE52EA420140013CFB0 /* _XML.swift in Sources */ = {isa = PBXBuildFile; fileRef = FAEADBDE2EA41F710013CFB0 /* _XML.swift */; };
		FAEADBE62EA420140013CFB0 /* Element.swift in Sources */ = {isa = PBXBuildFile; fileRef = FAEADBDB2EA41F710013CFB0 /* Element.swift */; };
		FAEADBE72EA420140013CFB0 /* Accessor.swift in Sources */ = {isa = PBXBuildFile; fileRef = FAEADBDA2EA41F710013CFB0 /* Accessor.swift */; };
		FAEADBE82EA420140013CFB0 /* Parser.swift in Sources */ = {isa = PBXBuildFile; fileRef = FAEADBDD2EA41F710013CFB0 /* Parser.swift */; };
/* End PBXBuildFile section */

/* Begin PBXFileReference section */
		FA25D2C62EA4853400148864 /* README.md */ = {isa = PBXFileReference; lastKnownFileType = sourcecode.swift; path = README.md; sourceTree = "<group>"; };
		FABA19D42EA4730C0000C572 /* AppDelegate.swift */ = {isa = PBXFileReference; lastKnownFileType = sourcecode.swift; path = AppDelegate.swift; sourceTree = "<group>"; };
		FABA19D82EA473B30000C572 /* SFSymbolBuilder-Info.plist */ = {isa = PBXFileReference; lastKnownFileType = text.plist.xml; path = "SFSymbolBuilder-Info.plist"; sourceTree = "<group>"; };
		FABA19D92EA47DBD0000C572 /* AppIcon.icon */ = {isa = PBXFileReference; lastKnownFileType = folder.iconcomposer.icon; path = AppIcon.icon; sourceTree = "<group>"; };
		FAEADBAF2EA40AD30013CFB0 /* SFSymbolBuilder.app */ = {isa = PBXFileReference; explicitFileType = wrapper.application; includeInIndex = 0; path = SFSymbolBuilder.app; sourceTree = BUILT_PRODUCTS_DIR; };
		FAEADBBD2EA40B030013CFB0 /* ContentView.swift */ = {isa = PBXFileReference; lastKnownFileType = sourcecode.swift; path = ContentView.swift; sourceTree = "<group>"; };
		FAEADBBE2EA40B030013CFB0 /* SFBuilderApp.swift */ = {isa = PBXFileReference; lastKnownFileType = sourcecode.swift; path = SFBuilderApp.swift; sourceTree = "<group>"; };
		FAEADBC02EA40B030013CFB0 /* Assets.xcassets */ = {isa = PBXFileReference; lastKnownFileType = folder.assetcatalog; path = Assets.xcassets; sourceTree = "<group>"; };
		FAEADBC52EA40B930013CFB0 /* SFSymbolBuilder.swift */ = {isa = PBXFileReference; lastKnownFileType = sourcecode.swift; path = SFSymbolBuilder.swift; sourceTree = "<group>"; };
		FAEADBD22EA40C670013CFB0 /* SFSymbol.Configuration.swift */ = {isa = PBXFileReference; lastKnownFileType = sourcecode.swift; path = SFSymbol.Configuration.swift; sourceTree = "<group>"; };
		FAEADBD42EA40DAB0013CFB0 /* template.svg */ = {isa = PBXFileReference; lastKnownFileType = text.xml; path = template.svg; sourceTree = "<group>"; };
		FAEADBDA2EA41F710013CFB0 /* Accessor.swift */ = {isa = PBXFileReference; lastKnownFileType = sourcecode.swift; path = Accessor.swift; sourceTree = "<group>"; };
		FAEADBDB2EA41F710013CFB0 /* Element.swift */ = {isa = PBXFileReference; lastKnownFileType = sourcecode.swift; path = Element.swift; sourceTree = "<group>"; };
		FAEADBDC2EA41F710013CFB0 /* Error.swift */ = {isa = PBXFileReference; lastKnownFileType = sourcecode.swift; path = Error.swift; sourceTree = "<group>"; };
		FAEADBDD2EA41F710013CFB0 /* Parser.swift */ = {isa = PBXFileReference; lastKnownFileType = sourcecode.swift; path = Parser.swift; sourceTree = "<group>"; };
		FAEADBDE2EA41F710013CFB0 /* _XML.swift */ = {isa = PBXFileReference; lastKnownFileType = sourcecode.swift; path = _XML.swift; sourceTree = "<group>"; };
/* End PBXFileReference section */

/* Begin PBXFrameworksBuildPhase section */
		FAEADBAC2EA40AD30013CFB0 /* Frameworks */ = {
			isa = PBXFrameworksBuildPhase;
			buildActionMask = 2147483647;
			files = (
			);
			runOnlyForDeploymentPostprocessing = 0;
		};
/* End PBXFrameworksBuildPhase section */

/* Begin PBXGroup section */
		FAEADBA62EA40AD30013CFB0 = {
			isa = PBXGroup;
			children = (
				FA25D2C62EA4853400148864 /* README.md */,
				FAEADBBF2EA40B030013CFB0 /* Code */,
				FAEADBC12EA40B030013CFB0 /* Resources */,
				FAEADBB02EA40AD30013CFB0 /* Products */,
			);
			sourceTree = "<group>";
		};
		FAEADBB02EA40AD30013CFB0 /* Products */ = {
			isa = PBXGroup;
			children = (
				FAEADBAF2EA40AD30013CFB0 /* SFSymbolBuilder.app */,
			);
			name = Products;
			sourceTree = "<group>";
		};
		FAEADBBF2EA40B030013CFB0 /* Code */ = {
			isa = PBXGroup;
			children = (
				FAEADBD92EA41F5C0013CFB0 /* XML */,
				FAEADBD22EA40C670013CFB0 /* SFSymbol.Configuration.swift */,
				FAEADBC52EA40B930013CFB0 /* SFSymbolBuilder.swift */,
				FAEADBBD2EA40B030013CFB0 /* ContentView.swift */,
				FAEADBBE2EA40B030013CFB0 /* SFBuilderApp.swift */,
				FABA19D42EA4730C0000C572 /* AppDelegate.swift */,
			);
			path = Code;
			sourceTree = "<group>";
		};
		FAEADBC12EA40B030013CFB0 /* Resources */ = {
			isa = PBXGroup;
			children = (
				FABA19D82EA473B30000C572 /* SFSymbolBuilder-Info.plist */,
				FAEADBD42EA40DAB0013CFB0 /* template.svg */,
				FAEADBC02EA40B030013CFB0 /* Assets.xcassets */,
				FABA19D92EA47DBD0000C572 /* AppIcon.icon */,
			);
			path = Resources;
			sourceTree = "<group>";
		};
		FAEADBD92EA41F5C0013CFB0 /* XML */ = {
			isa = PBXGroup;
			children = (
				FAEADBDA2EA41F710013CFB0 /* Accessor.swift */,
				FAEADBDB2EA41F710013CFB0 /* Element.swift */,
				FAEADBDC2EA41F710013CFB0 /* Error.swift */,
				FAEADBDD2EA41F710013CFB0 /* Parser.swift */,
				FAEADBDE2EA41F710013CFB0 /* _XML.swift */,
			);
			path = XML;
			sourceTree = "<group>";
		};
/* End PBXGroup section */

/* Begin PBXNativeTarget section */
		FAEADBAE2EA40AD30013CFB0 /* SFSymbolBuilder */ = {
			isa = PBXNativeTarget;
			buildConfigurationList = FAEADBBA2EA40AD40013CFB0 /* Build configuration list for PBXNativeTarget "SFSymbolBuilder" */;
			buildPhases = (
				FAEADBAB2EA40AD30013CFB0 /* Sources */,
				FAEADBAC2EA40AD30013CFB0 /* Frameworks */,
				FAEADBAD2EA40AD30013CFB0 /* Resources */,
			);
			buildRules = (
			);
			dependencies = (
			);
			name = SFSymbolBuilder;
			packageProductDependencies = (
			);
			productName = SFBuilder;
			productReference = FAEADBAF2EA40AD30013CFB0 /* SFSymbolBuilder.app */;
			productType = "com.apple.product-type.application";
		};
/* End PBXNativeTarget section */

/* Begin PBXProject section */
		FAEADBA72EA40AD30013CFB0 /* Project object */ = {
			isa = PBXProject;
			attributes = {
				BuildIndependentTargetsInParallel = 1;
				LastSwiftUpdateCheck = 2610;
				LastUpgradeCheck = 2610;
				TargetAttributes = {
					FAEADBAE2EA40AD30013CFB0 = {
						CreatedOnToolsVersion = 26.1;
					};
				};
			};
			buildConfigurationList = FAEADBAA2EA40AD30013CFB0 /* Build configuration list for PBXProject "SFSymbolBuilder" */;
			developmentRegion = en;
			hasScannedForEncodings = 0;
			knownRegions = (
				en,
				Base,
			);
			mainGroup = FAEADBA62EA40AD30013CFB0;
			minimizedProjectReferenceProxies = 1;
			packageReferences = (
			);
			preferredProjectObjectVersion = 77;
			productRefGroup = FAEADBB02EA40AD30013CFB0 /* Products */;
			projectDirPath = "";
			projectRoot = "";
			targets = (
				FAEADBAE2EA40AD30013CFB0 /* SFSymbolBuilder */,
			);
		};
/* End PBXProject section */

/* Begin PBXResourcesBuildPhase section */
		FAEADBAD2EA40AD30013CFB0 /* Resources */ = {
			isa = PBXResourcesBuildPhase;
			buildActionMask = 2147483647;
			files = (
				FAEADBD52EA40DAB0013CFB0 /* template.svg in Resources */,
				FAEADBC42EA40B030013CFB0 /* Assets.xcassets in Resources */,
				FABA19DA2EA47DBD0000C572 /* AppIcon.icon in Resources */,
			);
			runOnlyForDeploymentPostprocessing = 0;
		};
/* End PBXResourcesBuildPhase section */

/* Begin PBXSourcesBuildPhase section */
		FAEADBAB2EA40AD30013CFB0 /* Sources */ = {
			isa = PBXSourcesBuildPhase;
			buildActionMask = 2147483647;
			files = (
				FAEADBC22EA40B030013CFB0 /* ContentView.swift in Sources */,
				FAEADBC62EA40B990013CFB0 /* SFSymbolBuilder.swift in Sources */,
				FAEADBC32EA40B030013CFB0 /* SFBuilderApp.swift in Sources */,
				FAEADBD32EA40C6D0013CFB0 /* SFSymbol.Configuration.swift in Sources */,
				FAEADBE42EA420140013CFB0 /* Error.swift in Sources */,
				FAEADBE52EA420140013CFB0 /* _XML.swift in Sources */,
				FAEADBE62EA420140013CFB0 /* Element.swift in Sources */,
				FAEADBE72EA420140013CFB0 /* Accessor.swift in Sources */,
				FABA19D52EA4730C0000C572 /* AppDelegate.swift in Sources */,
				FAEADBE82EA420140013CFB0 /* Parser.swift in Sources */,
			);
			runOnlyForDeploymentPostprocessing = 0;
		};
/* End PBXSourcesBuildPhase section */

/* Begin XCBuildConfiguration section */
		FAEADBB82EA40AD40013CFB0 /* Debug */ = {
			isa = XCBuildConfiguration;
			buildSettings = {
				ALWAYS_SEARCH_USER_PATHS = NO;
				ASSETCATALOG_COMPILER_GENERATE_SWIFT_ASSET_SYMBOL_EXTENSIONS = YES;
				CLANG_ANALYZER_NONNULL = YES;
				CLANG_ANALYZER_NUMBER_OBJECT_CONVERSION = YES_AGGRESSIVE;
				CLANG_CXX_LANGUAGE_STANDARD = "gnu++20";
				CLANG_ENABLE_MODULES = YES;
				CLANG_ENABLE_OBJC_ARC = YES;
				CLANG_ENABLE_OBJC_WEAK = YES;
				CLANG_WARN_BLOCK_CAPTURE_AUTORELEASING = YES;
				CLANG_WARN_BOOL_CONVERSION = YES;
				CLANG_WARN_COMMA = YES;
				CLANG_WARN_CONSTANT_CONVERSION = YES;
				CLANG_WARN_DEPRECATED_OBJC_IMPLEMENTATIONS = YES;
				CLANG_WARN_DIRECT_OBJC_ISA_USAGE = YES_ERROR;
				CLANG_WARN_DOCUMENTATION_COMMENTS = YES;
				CLANG_WARN_EMPTY_BODY = YES;
				CLANG_WARN_ENUM_CONVERSION = YES;
				CLANG_WARN_INFINITE_RECURSION = YES;
				CLANG_WARN_INT_CONVERSION = YES;
				CLANG_WARN_NON_LITERAL_NULL_CONVERSION = YES;
				CLANG_WARN_OBJC_IMPLICIT_RETAIN_SELF = YES;
				CLANG_WARN_OBJC_LITERAL_CONVERSION = YES;
				CLANG_WARN_OBJC_ROOT_CLASS = YES_ERROR;
				CLANG_WARN_QUOTED_INCLUDE_IN_FRAMEWORK_HEADER = YES;
				CLANG_WARN_RANGE_LOOP_ANALYSIS = YES;
				CLANG_WARN_STRICT_PROTOTYPES = YES;
				CLANG_WARN_SUSPICIOUS_MOVE = YES;
				CLANG_WARN_UNGUARDED_AVAILABILITY = YES_AGGRESSIVE;
				CLANG_WARN_UNREACHABLE_CODE = YES;
				CLANG_WARN__DUPLICATE_METHOD_MATCH = YES;
				COPY_PHASE_STRIP = NO;
				CURRENT_PROJECT_VERSION = 1;
				DEBUG_INFORMATION_FORMAT = dwarf;
				DEVELOPMENT_TEAM = 2Y29N9EKUS;
				ENABLE_STRICT_OBJC_MSGSEND = YES;
				ENABLE_TESTABILITY = YES;
				ENABLE_USER_SCRIPT_SANDBOXING = YES;
				GCC_C_LANGUAGE_STANDARD = gnu17;
				GCC_DYNAMIC_NO_PIC = NO;
				GCC_NO_COMMON_BLOCKS = YES;
				GCC_OPTIMIZATION_LEVEL = 0;
				GCC_PREPROCESSOR_DEFINITIONS = (
					"DEBUG=1",
					"$(inherited)",
				);
				GCC_WARN_64_TO_32_BIT_CONVERSION = YES;
				GCC_WARN_ABOUT_RETURN_TYPE = YES_ERROR;
				GCC_WARN_UNDECLARED_SELECTOR = YES;
				GCC_WARN_UNINITIALIZED_AUTOS = YES_AGGRESSIVE;
				GCC_WARN_UNUSED_FUNCTION = YES;
				GCC_WARN_UNUSED_VARIABLE = YES;
				LOCALIZATION_PREFERS_STRING_CATALOGS = YES;
				MACOSX_DEPLOYMENT_TARGET = 26.1;
				MARKETING_VERSION = 1.0;
				MTL_ENABLE_DEBUG_INFO = INCLUDE_SOURCE;
				MTL_FAST_MATH = YES;
				ONLY_ACTIVE_ARCH = YES;
				SDKROOT = macosx;
				SWIFT_ACTIVE_COMPILATION_CONDITIONS = "DEBUG $(inherited)";
				SWIFT_OPTIMIZATION_LEVEL = "-Onone";
			};
			name = Debug;
		};
		FAEADBB92EA40AD40013CFB0 /* Release */ = {
			isa = XCBuildConfiguration;
			buildSettings = {
				ALWAYS_SEARCH_USER_PATHS = NO;
				ASSETCATALOG_COMPILER_GENERATE_SWIFT_ASSET_SYMBOL_EXTENSIONS = YES;
				CLANG_ANALYZER_NONNULL = YES;
				CLANG_ANALYZER_NUMBER_OBJECT_CONVERSION = YES_AGGRESSIVE;
				CLANG_CXX_LANGUAGE_STANDARD = "gnu++20";
				CLANG_ENABLE_MODULES = YES;
				CLANG_ENABLE_OBJC_ARC = YES;
				CLANG_ENABLE_OBJC_WEAK = YES;
				CLANG_WARN_BLOCK_CAPTURE_AUTORELEASING = YES;
				CLANG_WARN_BOOL_CONVERSION = YES;
				CLANG_WARN_COMMA = YES;
				CLANG_WARN_CONSTANT_CONVERSION = YES;
				CLANG_WARN_DEPRECATED_OBJC_IMPLEMENTATIONS = YES;
				CLANG_WARN_DIRECT_OBJC_ISA_USAGE = YES_ERROR;
				CLANG_WARN_DOCUMENTATION_COMMENTS = YES;
				CLANG_WARN_EMPTY_BODY = YES;
				CLANG_WARN_ENUM_CONVERSION = YES;
				CLANG_WARN_INFINITE_RECURSION = YES;
				CLANG_WARN_INT_CONVERSION = YES;
				CLANG_WARN_NON_LITERAL_NULL_CONVERSION = YES;
				CLANG_WARN_OBJC_IMPLICIT_RETAIN_SELF = YES;
				CLANG_WARN_OBJC_LITERAL_CONVERSION = YES;
				CLANG_WARN_OBJC_ROOT_CLASS = YES_ERROR;
				CLANG_WARN_QUOTED_INCLUDE_IN_FRAMEWORK_HEADER = YES;
				CLANG_WARN_RANGE_LOOP_ANALYSIS = YES;
				CLANG_WARN_STRICT_PROTOTYPES = YES;
				CLANG_WARN_SUSPICIOUS_MOVE = YES;
				CLANG_WARN_UNGUARDED_AVAILABILITY = YES_AGGRESSIVE;
				CLANG_WARN_UNREACHABLE_CODE = YES;
				CLANG_WARN__DUPLICATE_METHOD_MATCH = YES;
				COPY_PHASE_STRIP = NO;
				CURRENT_PROJECT_VERSION = 1;
				DEBUG_INFORMATION_FORMAT = "dwarf-with-dsym";
				DEVELOPMENT_TEAM = 2Y29N9EKUS;
				ENABLE_NS_ASSERTIONS = NO;
				ENABLE_STRICT_OBJC_MSGSEND = YES;
				ENABLE_USER_SCRIPT_SANDBOXING = YES;
				GCC_C_LANGUAGE_STANDARD = gnu17;
				GCC_NO_COMMON_BLOCKS = YES;
				GCC_WARN_64_TO_32_BIT_CONVERSION = YES;
				GCC_WARN_ABOUT_RETURN_TYPE = YES_ERROR;
				GCC_WARN_UNDECLARED_SELECTOR = YES;
				GCC_WARN_UNINITIALIZED_AUTOS = YES_AGGRESSIVE;
				GCC_WARN_UNUSED_FUNCTION = YES;
				GCC_WARN_UNUSED_VARIABLE = YES;
				LOCALIZATION_PREFERS_STRING_CATALOGS = YES;
				MACOSX_DEPLOYMENT_TARGET = 26.1;
				MARKETING_VERSION = 1.0;
				MTL_ENABLE_DEBUG_INFO = NO;
				MTL_FAST_MATH = YES;
				SDKROOT = macosx;
				SWIFT_COMPILATION_MODE = wholemodule;
			};
			name = Release;
		};
		FAEADBBB2EA40AD40013CFB0 /* Debug */ = {
			isa = XCBuildConfiguration;
			buildSettings = {
				ASSETCATALOG_COMPILER_APPICON_NAME = AppIcon;
				ASSETCATALOG_COMPILER_GLOBAL_ACCENT_COLOR_NAME = AccentColor;
				ASSETCATALOG_COMPILER_INCLUDE_ALL_APPICON_ASSETS = NO;
				"CODE_SIGN_IDENTITY[sdk=macosx*]" = "Developer ID Application";
				CODE_SIGN_STYLE = Manual;
				COMBINE_HIDPI_IMAGES = YES;
				DEVELOPMENT_TEAM = "";
				"DEVELOPMENT_TEAM[sdk=macosx*]" = 2Y29N9EKUS;
				ENABLE_APP_SANDBOX = YES;
				ENABLE_HARDENED_RUNTIME = YES;
				ENABLE_INCOMING_NETWORK_CONNECTIONS = NO;
				ENABLE_OUTGOING_NETWORK_CONNECTIONS = NO;
				ENABLE_PREVIEWS = YES;
				ENABLE_RESOURCE_ACCESS_AUDIO_INPUT = NO;
				ENABLE_RESOURCE_ACCESS_BLUETOOTH = NO;
				ENABLE_RESOURCE_ACCESS_CALENDARS = NO;
				ENABLE_RESOURCE_ACCESS_CAMERA = NO;
				ENABLE_RESOURCE_ACCESS_CONTACTS = NO;
				ENABLE_RESOURCE_ACCESS_LOCATION = NO;
				ENABLE_RESOURCE_ACCESS_PRINTING = NO;
				ENABLE_RESOURCE_ACCESS_USB = NO;
				ENABLE_USER_SELECTED_FILES = readwrite;
				GENERATE_INFOPLIST_FILE = YES;
				INFOPLIST_FILE = "Resources/SFSymbolBuilder-Info.plist";
				INFOPLIST_KEY_LSApplicationCategoryType = "public.app-category.utilities";
				INFOPLIST_KEY_NSHumanReadableCopyright = "";
				LD_RUNPATH_SEARCH_PATHS = (
					"$(inherited)",
					"@executable_path/../Frameworks",
				);
				MACOSX_DEPLOYMENT_TARGET = 15.0;
				PRODUCT_BUNDLE_IDENTIFIER = com.lonelybytes.SFBuilder;
				PRODUCT_NAME = "$(TARGET_NAME)";
				PROVISIONING_PROFILE_SPECIFIER = "";
				"PROVISIONING_PROFILE_SPECIFIER[sdk=macosx*]" = "(Developer ID) SF Symbols Builder";
				REGISTER_APP_GROUPS = YES;
				STRING_CATALOG_GENERATE_SYMBOLS = YES;
				SWIFT_APPROACHABLE_CONCURRENCY = YES;
				SWIFT_DEFAULT_ACTOR_ISOLATION = MainActor;
				SWIFT_EMIT_LOC_STRINGS = YES;
				SWIFT_STRICT_MEMORY_SAFETY = YES;
				SWIFT_UPCOMING_FEATURE_MEMBER_IMPORT_VISIBILITY = YES;
				SWIFT_VERSION = 6.0;
			};
			name = Debug;
		};
		FAEADBBC2EA40AD40013CFB0 /* Release */ = {
			isa = XCBuildConfiguration;
			buildSettings = {
				ASSETCATALOG_COMPILER_APPICON_NAME = AppIcon;
				ASSETCATALOG_COMPILER_GLOBAL_ACCENT_COLOR_NAME = AccentColor;
				ASSETCATALOG_COMPILER_INCLUDE_ALL_APPICON_ASSETS = NO;
				"CODE_SIGN_IDENTITY[sdk=macosx*]" = "Developer ID Application";
				CODE_SIGN_STYLE = Manual;
				COMBINE_HIDPI_IMAGES = YES;
				DEVELOPMENT_TEAM = "";
				"DEVELOPMENT_TEAM[sdk=macosx*]" = 2Y29N9EKUS;
				ENABLE_APP_SANDBOX = YES;
				ENABLE_HARDENED_RUNTIME = YES;
				ENABLE_INCOMING_NETWORK_CONNECTIONS = NO;
				ENABLE_OUTGOING_NETWORK_CONNECTIONS = NO;
				ENABLE_PREVIEWS = YES;
				ENABLE_RESOURCE_ACCESS_AUDIO_INPUT = NO;
				ENABLE_RESOURCE_ACCESS_BLUETOOTH = NO;
				ENABLE_RESOURCE_ACCESS_CALENDARS = NO;
				ENABLE_RESOURCE_ACCESS_CAMERA = NO;
				ENABLE_RESOURCE_ACCESS_CONTACTS = NO;
				ENABLE_RESOURCE_ACCESS_LOCATION = NO;
				ENABLE_RESOURCE_ACCESS_PRINTING = NO;
				ENABLE_RESOURCE_ACCESS_USB = NO;
				ENABLE_USER_SELECTED_FILES = readwrite;
				GENERATE_INFOPLIST_FILE = YES;
				INFOPLIST_FILE = "Resources/SFSymbolBuilder-Info.plist";
				INFOPLIST_KEY_LSApplicationCategoryType = "public.app-category.utilities";
				INFOPLIST_KEY_NSHumanReadableCopyright = "";
				LD_RUNPATH_SEARCH_PATHS = (
					"$(inherited)",
					"@executable_path/../Frameworks",
				);
				MACOSX_DEPLOYMENT_TARGET = 15.0;
				PRODUCT_BUNDLE_IDENTIFIER = com.lonelybytes.SFBuilder;
				PRODUCT_NAME = "$(TARGET_NAME)";
				PROVISIONING_PROFILE_SPECIFIER = "";
				"PROVISIONING_PROFILE_SPECIFIER[sdk=macosx*]" = "(Developer ID) SF Symbols Builder";
				REGISTER_APP_GROUPS = YES;
				STRING_CATALOG_GENERATE_SYMBOLS = YES;
				SWIFT_APPROACHABLE_CONCURRENCY = YES;
				SWIFT_DEFAULT_ACTOR_ISOLATION = MainActor;
				SWIFT_EMIT_LOC_STRINGS = YES;
				SWIFT_STRICT_MEMORY_SAFETY = YES;
				SWIFT_UPCOMING_FEATURE_MEMBER_IMPORT_VISIBILITY = YES;
				SWIFT_VERSION = 6.0;
			};
			name = Release;
		};
/* End XCBuildConfiguration section */

/* Begin XCConfigurationList section */
		FAEADBAA2EA40AD30013CFB0 /* Build configuration list for PBXProject "SFSymbolBuilder" */ = {
			isa = XCConfigurationList;
			buildConfigurations = (
				FAEADBB82EA40AD40013CFB0 /* Debug */,
				FAEADBB92EA40AD40013CFB0 /* Release */,
			);
			defaultConfigurationIsVisible = 0;
			defaultConfigurationName = Release;
		};
		FAEADBBA2EA40AD40013CFB0 /* Build configuration list for PBXNativeTarget "SFSymbolBuilder" */ = {
			isa = XCConfigurationList;
			buildConfigurations = (
				FAEADBBB2EA40AD40013CFB0 /* Debug */,
				FAEADBBC2EA40AD40013CFB0 /* Release */,
			);
			defaultConfigurationIsVisible = 0;
			defaultConfigurationName = Release;
		};
/* End XCConfigurationList section */
	};
	rootObject = FAEADBA72EA40AD30013CFB0 /* Project object */;
}
